{
    "name": "@theatrejs/theatrejs",
    "lockfileVersion": 2,
    "requires": true,
    "packages": {
        "": {
            "name": "@theatrejs/theatrejs",
            "license": "MIT",
            "devDependencies": {},
            "engines": {
                "node": "16.13.0",
                "npm": "8.1.0"
            }
        }
    }
}
